
Microsoft Visual Studio Solution File, Format Version 12.00
# Visual Studio Version 17
VisualStudioVersion = 17.0.31903.59
MinimumVisualStudioVersion = 10.0.40219.1
Project("{9A19103F-16F7-4668-BE54-9A1E7A4F7556}") = "LoadBalancer", "LoadBalancer\LoadBalancer.csproj", "{F5BBAE1E-7B9D-41EE-A478-CA5F36E39A2B}"
EndProject
Project("{9A19103F-16F7-4668-BE54-9A1E7A4F7556}") = "LoadBalancer.Core", "LoadBalancer.Core\LoadBalancer.Core.csproj", "{0E0AFD34-5381-4413-88F6-452072254A8D}"
EndProject
Project("{9A19103F-16F7-4668-BE54-9A1E7A4F7556}") = "LoadBalancer.Backend", "LoadBalancer.Backend\LoadBalancer.Backend.csproj", "{681C3D1D-892F-4618-82C2-F371D4F7BC8E}"
EndProject
Global
	GlobalSection(SolutionConfigurationPlatforms) = preSolution
		Debug|Any CPU = Debug|Any CPU
		Release|Any CPU = Release|Any CPU
	EndGlobalSection
	GlobalSection(ProjectConfigurationPlatforms) = postSolution
		{F5BBAE1E-7B9D-41EE-A478-CA5F36E39A2B}.Debug|Any CPU.ActiveCfg = Debug|Any CPU
		{F5BBAE1E-7B9D-41EE-A478-CA5F36E39A2B}.Debug|Any CPU.Build.0 = Debug|Any CPU
		{F5BBAE1E-7B9D-41EE-A478-CA5F36E39A2B}.Release|Any CPU.ActiveCfg = Release|Any CPU
		{F5BBAE1E-7B9D-41EE-A478-CA5F36E39A2B}.Release|Any CPU.Build.0 = Release|Any CPU
		{0E0AFD34-5381-4413-88F6-452072254A8D}.Debug|Any CPU.ActiveCfg = Debug|Any CPU
		{0E0AFD34-5381-4413-88F6-452072254A8D}.Debug|Any CPU.Build.0 = Debug|Any CPU
		{0E0AFD34-5381-4413-88F6-452072254A8D}.Release|Any CPU.ActiveCfg = Release|Any CPU
		{0E0AFD34-5381-4413-88F6-452072254A8D}.Release|Any CPU.Build.0 = Release|Any CPU
		{681C3D1D-892F-4618-82C2-F371D4F7BC8E}.Debug|Any CPU.ActiveCfg = Debug|Any CPU
		{681C3D1D-892F-4618-82C2-F371D4F7BC8E}.Debug|Any CPU.Build.0 = Debug|Any CPU
		{681C3D1D-892F-4618-82C2-F371D4F7BC8E}.Release|Any CPU.ActiveCfg = Release|Any CPU
		{681C3D1D-892F-4618-82C2-F371D4F7BC8E}.Release|Any CPU.Build.0 = Release|Any CPU
	EndGlobalSection
	GlobalSection(SolutionProperties) = preSolution
		HideSolutionNode = FALSE
	EndGlobalSection
	GlobalSection(ExtensibilityGlobals) = postSolution
		SolutionGuid = {A2449077-D674-4C05-A41F-C23ABEA022CF}
	EndGlobalSection
EndGlobal
