
Microsoft Visual Studio Solution File, Format Version 12.00
# Visual Studio Version 17
VisualStudioVersion = 17.6.33801.468
MinimumVisualStudioVersion = 10.0.40219.1
Project("{9A19103F-16F7-4668-BE54-9A1E7A4F7556}") = "BackendServer", "BackendServer.csproj", "{F6B89E45-163E-4D81-AA5B-5612C1C4832E}"
EndProject
Global
	GlobalSection(SolutionConfigurationPlatforms) = preSolution
		Debug|Any CPU = Debug|Any CPU
		Release|Any CPU = Release|Any CPU
	EndGlobalSection
	GlobalSection(ProjectConfigurationPlatforms) = postSolution
		{F6B89E45-163E-4D81-AA5B-5612C1C4832E}.Debug|Any CPU.ActiveCfg = Debug|Any CPU
		{F6B89E45-163E-4D81-AA5B-5612C1C4832E}.Debug|Any CPU.Build.0 = Debug|Any CPU
		{F6B89E45-163E-4D81-AA5B-5612C1C4832E}.Release|Any CPU.ActiveCfg = Release|Any CPU
		{F6B89E45-163E-4D81-AA5B-5612C1C4832E}.Release|Any CPU.Build.0 = Release|Any CPU
	EndGlobalSection
	GlobalSection(SolutionProperties) = preSolution
		HideSolutionNode = FALSE
	EndGlobalSection
	GlobalSection(ExtensibilityGlobals) = postSolution
		SolutionGuid = {3A1CDF0C-79DD-43E2-AA17-1257ABE47AB5}
	EndGlobalSection
EndGlobal
